
Microsoft Visual Studio Solution File, Format Version 12.00
# Visual Studio Version 17
VisualStudioVersion = 17.8.34525.116
MinimumVisualStudioVersion = 10.0.40219.1
Project("{FAE04EC0-301F-11D3-BF4B-00C04F79EFBC}") = "MauiAppJogoDaVelha", "MauiAppJogoDaVelha\MauiAppJogoDaVelha.csproj", "{5A80A648-414E-4B4D-A954-B21B25A5E39E}"
EndProject
Global
	GlobalSection(SolutionConfigurationPlatforms) = preSolution
		Debug|Any CPU = Debug|Any CPU
		Release|Any CPU = Release|Any CPU
	EndGlobalSection
	GlobalSection(ProjectConfigurationPlatforms) = postSolution
		{5A80A648-414E-4B4D-A954-B21B25A5E39E}.Debug|Any CPU.ActiveCfg = Debug|Any CPU
		{5A80A648-414E-4B4D-A954-B21B25A5E39E}.Debug|Any CPU.Build.0 = Debug|Any CPU
		{5A80A648-414E-4B4D-A954-B21B25A5E39E}.Debug|Any CPU.Deploy.0 = Debug|Any CPU
		{5A80A648-414E-4B4D-A954-B21B25A5E39E}.Release|Any CPU.ActiveCfg = Release|Any CPU
		{5A80A648-414E-4B4D-A954-B21B25A5E39E}.Release|Any CPU.Build.0 = Release|Any CPU
		{5A80A648-414E-4B4D-A954-B21B25A5E39E}.Release|Any CPU.Deploy.0 = Release|Any CPU
	EndGlobalSection
	GlobalSection(SolutionProperties) = preSolution
		HideSolutionNode = FALSE
	EndGlobalSection
	GlobalSection(ExtensibilityGlobals) = postSolution
		SolutionGuid = {A95643D1-EE9D-47C9-8F82-0F82651A1C96}
	EndGlobalSection
EndGlobal
